[root]
name = "facedetect"
version = "0.1.0"
dependencies = [
 "opencv 0.0.1 (git+git://github.com/whitequark/opencv-rust)",
]

[[package]]
name = "advapi32-sys"
version = "0.1.2"
source = "registry+https://github.com/rust-lang/crates.io-index"
dependencies = [
 "winapi 0.2.4 (registry+https://github.com/rust-lang/crates.io-index)",
 "winapi-build 0.1.1 (registry+https://github.com/rust-lang/crates.io-index)",
]

[[package]]
name = "gcc"
version = "0.3.14"
source = "registry+https://github.com/rust-lang/crates.io-index"
dependencies = [
 "advapi32-sys 0.1.2 (registry+https://github.com/rust-lang/crates.io-index)",
 "winapi 0.2.4 (registry+https://github.com/rust-lang/crates.io-index)",
]

[[package]]
name = "glob"
version = "0.2.10"
source = "registry+https://github.com/rust-lang/crates.io-index"

[[package]]
name = "libc"
version = "0.1.10"
source = "registry+https://github.com/rust-lang/crates.io-index"

[[package]]
name = "opencv"
version = "0.0.1"
source = "git+git://github.com/whitequark/opencv-rust#e39c942d7612f167618ac5b38af70e996f21bfbd"
dependencies = [
 "gcc 0.3.14 (registry+https://github.com/rust-lang/crates.io-index)",
 "glob 0.2.10 (registry+https://github.com/rust-lang/crates.io-index)",
 "libc 0.1.10 (registry+https://github.com/rust-lang/crates.io-index)",
 "pkg-config 0.3.5 (registry+https://github.com/rust-lang/crates.io-index)",
]

[[package]]
name = "pkg-config"
version = "0.3.5"
source = "registry+https://github.com/rust-lang/crates.io-index"

[[package]]
name = "winapi"
version = "0.2.4"
source = "registry+https://github.com/rust-lang/crates.io-index"

[[package]]
name = "winapi-build"
version = "0.1.1"
source = "registry+https://github.com/rust-lang/crates.io-index"

